
Microsoft Visual Studio Solution File, Format Version 12.00
# Visual Studio 15
VisualStudioVersion = 15.0.28307.106
MinimumVisualStudioVersion = 10.0.40219.1
Project("{FAE04EC0-301F-11D3-BF4B-00C04F79EFBC}") = "TCP-Server Console", "TCP-Server Console\TCP-Server Console.csproj", "{0B10142A-5010-49B4-9B34-13C667AAC7A9}"
EndProject
Global
	GlobalSection(SolutionConfigurationPlatforms) = preSolution
		Debug|Any CPU = Debug|Any CPU
		Release|Any CPU = Release|Any CPU
	EndGlobalSection
	GlobalSection(ProjectConfigurationPlatforms) = postSolution
		{0B10142A-5010-49B4-9B34-13C667AAC7A9}.Debug|Any CPU.ActiveCfg = Debug|Any CPU
		{0B10142A-5010-49B4-9B34-13C667AAC7A9}.Debug|Any CPU.Build.0 = Debug|Any CPU
		{0B10142A-5010-49B4-9B34-13C667AAC7A9}.Release|Any CPU.ActiveCfg = Release|Any CPU
		{0B10142A-5010-49B4-9B34-13C667AAC7A9}.Release|Any CPU.Build.0 = Release|Any CPU
	EndGlobalSection
	GlobalSection(SolutionProperties) = preSolution
		HideSolutionNode = FALSE
	EndGlobalSection
	GlobalSection(ExtensibilityGlobals) = postSolution
		SolutionGuid = {02F5C1E3-043D-44E6-8BDD-0839C98CAA5F}
	EndGlobalSection
EndGlobal
